// !$*UTF8*$!
{
	archiveVersion = 1;
	classes = {
	};
	objectVersion = 55;
	objects = {

/* Begin PBXBuildFile section */
		870FFA342797379D0088937D /* AboutView.swift in Sources */ = {isa = PBXBuildFile; fileRef = 870FFA332797379D0088937D /* AboutView.swift */; };
		871BA924279B04E100FE83C8 /* DataStore.swift in Sources */ = {isa = PBXBuildFile; fileRef = 871BA923279B04E100FE83C8 /* DataStore.swift */; };
		8749686627B1F367005F5D6F /* TimerView.swift in Sources */ = {isa = PBXBuildFile; fileRef = 8749686527B1F367005F5D6F /* TimerView.swift */; };
		8749686827B1F3FE005F5D6F /* TimeStore.swift in Sources */ = {isa = PBXBuildFile; fileRef = 8749686727B1F3FE005F5D6F /* TimeStore.swift */; };
		87554C722791EA870042C29B /* ToDoView.swift in Sources */ = {isa = PBXBuildFile; fileRef = 87554C712791EA870042C29B /* ToDoView.swift */; };
		87554C762791F4850042C29B /* ContentView.swift in Sources */ = {isa = PBXBuildFile; fileRef = 87554C752791F4850042C29B /* ContentView.swift */; };
		876493F427838D68004F26D3 /* NotesView.swift in Sources */ = {isa = PBXBuildFile; fileRef = 876493F327838D68004F26D3 /* NotesView.swift */; };
		876E001427B1DF4A00C6784C /* HomeView.swift in Sources */ = {isa = PBXBuildFile; fileRef = 876E001327B1DF4A00C6784C /* HomeView.swift */; };
		87A56E3227977FDB0045F9FD /* LaunchScreen.storyboard in Resources */ = {isa = PBXBuildFile; fileRef = 87A56E3127977FDB0045F9FD /* LaunchScreen.storyboard */; };
		87E1E6CC272F3412009211D7 /* escuelaApp.swift in Sources */ = {isa = PBXBuildFile; fileRef = 87E1E6CB272F3412009211D7 /* escuelaApp.swift */; };
		87E1E6D0272F3413009211D7 /* Assets.xcassets in Resources */ = {isa = PBXBuildFile; fileRef = 87E1E6CF272F3413009211D7 /* Assets.xcassets */; };
		87E1E6D3272F3413009211D7 /* Preview Assets.xcassets in Resources */ = {isa = PBXBuildFile; fileRef = 87E1E6D2272F3413009211D7 /* Preview Assets.xcassets */; };
		87E1E6DD272F3413009211D7 /* escuelaTests.swift in Sources */ = {isa = PBXBuildFile; fileRef = 87E1E6DC272F3413009211D7 /* escuelaTests.swift */; };
		87E1E6E7272F3413009211D7 /* escuelaUITests.swift in Sources */ = {isa = PBXBuildFile; fileRef = 87E1E6E6272F3413009211D7 /* escuelaUITests.swift */; };
		87E1E6E9272F3413009211D7 /* escuelaUITestsLaunchTests.swift in Sources */ = {isa = PBXBuildFile; fileRef = 87E1E6E8272F3413009211D7 /* escuelaUITestsLaunchTests.swift */; };
		87F82986279637F600779A72 /* DueView.swift in Sources */ = {isa = PBXBuildFile; fileRef = 87F82985279637F600779A72 /* DueView.swift */; };
		87F829882796380700779A72 /* DueStore.swift in Sources */ = {isa = PBXBuildFile; fileRef = 87F829872796380700779A72 /* DueStore.swift */; };
/* End PBXBuildFile section */

/* Begin PBXContainerItemProxy section */
		87E1E6D9272F3413009211D7 /* PBXContainerItemProxy */ = {
			isa = PBXContainerItemProxy;
			containerPortal = 87E1E6C0272F3412009211D7 /* Project object */;
			proxyType = 1;
			remoteGlobalIDString = 87E1E6C7272F3412009211D7;
			remoteInfo = escuela;
		};
		87E1E6E3272F3413009211D7 /* PBXContainerItemProxy */ = {
			isa = PBXContainerItemProxy;
			containerPortal = 87E1E6C0272F3412009211D7 /* Project object */;
			proxyType = 1;
			remoteGlobalIDString = 87E1E6C7272F3412009211D7;
			remoteInfo = escuela;
		};
/* End PBXContainerItemProxy section */

/* Begin PBXFileReference section */
		870FFA332797379D0088937D /* AboutView.swift */ = {isa = PBXFileReference; lastKnownFileType = sourcecode.swift; path = AboutView.swift; sourceTree = "<group>"; };
		871BA923279B04E100FE83C8 /* DataStore.swift */ = {isa = PBXFileReference; lastKnownFileType = sourcecode.swift; path = DataStore.swift; sourceTree = "<group>"; };
		8749686527B1F367005F5D6F /* TimerView.swift */ = {isa = PBXFileReference; lastKnownFileType = sourcecode.swift; path = TimerView.swift; sourceTree = "<group>"; };
		8749686727B1F3FE005F5D6F /* TimeStore.swift */ = {isa = PBXFileReference; lastKnownFileType = sourcecode.swift; path = TimeStore.swift; sourceTree = "<group>"; };
		87554C712791EA870042C29B /* ToDoView.swift */ = {isa = PBXFileReference; lastKnownFileType = sourcecode.swift; path = ToDoView.swift; sourceTree = "<group>"; };
		87554C752791F4850042C29B /* ContentView.swift */ = {isa = PBXFileReference; fileEncoding = 4; lastKnownFileType = sourcecode.swift; path = ContentView.swift; sourceTree = "<group>"; };
		876493F327838D68004F26D3 /* NotesView.swift */ = {isa = PBXFileReference; lastKnownFileType = sourcecode.swift; path = NotesView.swift; sourceTree = "<group>"; };
		876E001327B1DF4A00C6784C /* HomeView.swift */ = {isa = PBXFileReference; lastKnownFileType = sourcecode.swift; path = HomeView.swift; sourceTree = "<group>"; };
		87A56E3127977FDB0045F9FD /* LaunchScreen.storyboard */ = {isa = PBXFileReference; lastKnownFileType = file.storyboard; path = LaunchScreen.storyboard; sourceTree = "<group>"; };
		87E1E6C8272F3412009211D7 /* escuela.app */ = {isa = PBXFileReference; explicitFileType = wrapper.application; includeInIndex = 0; path = escuela.app; sourceTree = BUILT_PRODUCTS_DIR; };
		87E1E6CB272F3412009211D7 /* escuelaApp.swift */ = {isa = PBXFileReference; lastKnownFileType = sourcecode.swift; path = escuelaApp.swift; sourceTree = "<group>"; };
		87E1E6CF272F3413009211D7 /* Assets.xcassets */ = {isa = PBXFileReference; lastKnownFileType = folder.assetcatalog; path = Assets.xcassets; sourceTree = "<group>"; };
		87E1E6D2272F3413009211D7 /* Preview Assets.xcassets */ = {isa = PBXFileReference; lastKnownFileType = folder.assetcatalog; path = "Preview Assets.xcassets"; sourceTree = "<group>"; };
		87E1E6D8272F3413009211D7 /* escuelaTests.xctest */ = {isa = PBXFileReference; explicitFileType = wrapper.cfbundle; includeInIndex = 0; path = escuelaTests.xctest; sourceTree = BUILT_PRODUCTS_DIR; };
		87E1E6DC272F3413009211D7 /* escuelaTests.swift */ = {isa = PBXFileReference; lastKnownFileType = sourcecode.swift; path = escuelaTests.swift; sourceTree = "<group>"; };
		87E1E6E2272F3413009211D7 /* escuelaUITests.xctest */ = {isa = PBXFileReference; explicitFileType = wrapper.cfbundle; includeInIndex = 0; path = escuelaUITests.xctest; sourceTree = BUILT_PRODUCTS_DIR; };
		87E1E6E6272F3413009211D7 /* escuelaUITests.swift */ = {isa = PBXFileReference; lastKnownFileType = sourcecode.swift; path = escuelaUITests.swift; sourceTree = "<group>"; };
		87E1E6E8272F3413009211D7 /* escuelaUITestsLaunchTests.swift */ = {isa = PBXFileReference; lastKnownFileType = sourcecode.swift; path = escuelaUITestsLaunchTests.swift; sourceTree = "<group>"; };
		87F82985279637F600779A72 /* DueView.swift */ = {isa = PBXFileReference; lastKnownFileType = sourcecode.swift; path = DueView.swift; sourceTree = "<group>"; };
		87F829872796380700779A72 /* DueStore.swift */ = {isa = PBXFileReference; lastKnownFileType = sourcecode.swift; path = DueStore.swift; sourceTree = "<group>"; };
/* End PBXFileReference section */

/* Begin PBXFrameworksBuildPhase section */
		87E1E6C5272F3412009211D7 /* Frameworks */ = {
			isa = PBXFrameworksBuildPhase;
			buildActionMask = 2147483647;
			files = (
			);
			runOnlyForDeploymentPostprocessing = 0;
		};
		87E1E6D5272F3413009211D7 /* Frameworks */ = {
			isa = PBXFrameworksBuildPhase;
			buildActionMask = 2147483647;
			files = (
			);
			runOnlyForDeploymentPostprocessing = 0;
		};
		87E1E6DF272F3413009211D7 /* Frameworks */ = {
			isa = PBXFrameworksBuildPhase;
			buildActionMask = 2147483647;
			files = (
			);
			runOnlyForDeploymentPostprocessing = 0;
		};
/* End PBXFrameworksBuildPhase section */

/* Begin PBXGroup section */
		8749686427B1F35D005F5D6F /* Timer */ = {
			isa = PBXGroup;
			children = (
				8749686527B1F367005F5D6F /* TimerView.swift */,
				8749686727B1F3FE005F5D6F /* TimeStore.swift */,
			);
			path = Timer;
			sourceTree = "<group>";
		};
		87554C6E2791E8490042C29B /* ToDo */ = {
			isa = PBXGroup;
			children = (
				87554C712791EA870042C29B /* ToDoView.swift */,
				871BA923279B04E100FE83C8 /* DataStore.swift */,
			);
			path = ToDo;
			sourceTree = "<group>";
		};
		876493F527838F59004F26D3 /* Classes */ = {
			isa = PBXGroup;
			children = (
			);
			path = Classes;
			sourceTree = "<group>";
		};
		876493F627838F72004F26D3 /* Notes */ = {
			isa = PBXGroup;
			children = (
				876493F327838D68004F26D3 /* NotesView.swift */,
			);
			path = Notes;
			sourceTree = "<group>";
		};
		87E1E6BF272F3412009211D7 = {
			isa = PBXGroup;
			children = (
				87E1E6CA272F3412009211D7 /* escuela */,
				87E1E6DB272F3413009211D7 /* escuelaTests */,
				87E1E6E5272F3413009211D7 /* escuelaUITests */,
				87E1E6C9272F3412009211D7 /* Products */,
			);
			sourceTree = "<group>";
		};
		87E1E6C9272F3412009211D7 /* Products */ = {
			isa = PBXGroup;
			children = (
				87E1E6C8272F3412009211D7 /* escuela.app */,
				87E1E6D8272F3413009211D7 /* escuelaTests.xctest */,
				87E1E6E2272F3413009211D7 /* escuelaUITests.xctest */,
			);
			name = Products;
			sourceTree = "<group>";
		};
		87E1E6CA272F3412009211D7 /* escuela */ = {
			isa = PBXGroup;
			children = (
				8749686427B1F35D005F5D6F /* Timer */,
				87F82984279637E800779A72 /* DueDates */,
				87554C752791F4850042C29B /* ContentView.swift */,
				870FFA332797379D0088937D /* AboutView.swift */,
				87E1E6CB272F3412009211D7 /* escuelaApp.swift */,
				87554C6E2791E8490042C29B /* ToDo */,
				876493F627838F72004F26D3 /* Notes */,
				876493F527838F59004F26D3 /* Classes */,
				87E1E6CF272F3413009211D7 /* Assets.xcassets */,
				87E1E6D1272F3413009211D7 /* Preview Content */,
				87A56E3127977FDB0045F9FD /* LaunchScreen.storyboard */,
				876E001327B1DF4A00C6784C /* HomeView.swift */,
			);
			path = escuela;
			sourceTree = "<group>";
		};
		87E1E6D1272F3413009211D7 /* Preview Content */ = {
			isa = PBXGroup;
			children = (
				87E1E6D2272F3413009211D7 /* Preview Assets.xcassets */,
			);
			path = "Preview Content";
			sourceTree = "<group>";
		};
		87E1E6DB272F3413009211D7 /* escuelaTests */ = {
			isa = PBXGroup;
			children = (
				87E1E6DC272F3413009211D7 /* escuelaTests.swift */,
			);
			path = escuelaTests;
			sourceTree = "<group>";
		};
		87E1E6E5272F3413009211D7 /* escuelaUITests */ = {
			isa = PBXGroup;
			children = (
				87E1E6E6272F3413009211D7 /* escuelaUITests.swift */,
				87E1E6E8272F3413009211D7 /* escuelaUITestsLaunchTests.swift */,
			);
			path = escuelaUITests;
			sourceTree = "<group>";
		};
		87F82984279637E800779A72 /* DueDates */ = {
			isa = PBXGroup;
			children = (
				87F82985279637F600779A72 /* DueView.swift */,
				87F829872796380700779A72 /* DueStore.swift */,
			);
			path = DueDates;
			sourceTree = "<group>";
		};
/* End PBXGroup section */

/* Begin PBXNativeTarget section */
		87E1E6C7272F3412009211D7 /* escuela */ = {
			isa = PBXNativeTarget;
			buildConfigurationList = 87E1E6EC272F3413009211D7 /* Build configuration list for PBXNativeTarget "escuela" */;
			buildPhases = (
				87E1E6C4272F3412009211D7 /* Sources */,
				87E1E6C5272F3412009211D7 /* Frameworks */,
				87E1E6C6272F3412009211D7 /* Resources */,
			);
			buildRules = (
			);
			dependencies = (
			);
			name = escuela;
			productName = escuela;
			productReference = 87E1E6C8272F3412009211D7 /* escuela.app */;
			productType = "com.apple.product-type.application";
		};
		87E1E6D7272F3413009211D7 /* escuelaTests */ = {
			isa = PBXNativeTarget;
			buildConfigurationList = 87E1E6EF272F3413009211D7 /* Build configuration list for PBXNativeTarget "escuelaTests" */;
			buildPhases = (
				87E1E6D4272F3413009211D7 /* Sources */,
				87E1E6D5272F3413009211D7 /* Frameworks */,
				87E1E6D6272F3413009211D7 /* Resources */,
			);
			buildRules = (
			);
			dependencies = (
				87E1E6DA272F3413009211D7 /* PBXTargetDependency */,
			);
			name = escuelaTests;
			productName = escuelaTests;
			productReference = 87E1E6D8272F3413009211D7 /* escuelaTests.xctest */;
			productType = "com.apple.product-type.bundle.unit-test";
		};
		87E1E6E1272F3413009211D7 /* escuelaUITests */ = {
			isa = PBXNativeTarget;
			buildConfigurationList = 87E1E6F2272F3413009211D7 /* Build configuration list for PBXNativeTarget "escuelaUITests" */;
			buildPhases = (
				87E1E6DE272F3413009211D7 /* Sources */,
				87E1E6DF272F3413009211D7 /* Frameworks */,
				87E1E6E0272F3413009211D7 /* Resources */,
			);
			buildRules = (
			);
			dependencies = (
				87E1E6E4272F3413009211D7 /* PBXTargetDependency */,
			);
			name = escuelaUITests;
			productName = escuelaUITests;
			productReference = 87E1E6E2272F3413009211D7 /* escuelaUITests.xctest */;
			productType = "com.apple.product-type.bundle.ui-testing";
		};
/* End PBXNativeTarget section */

/* Begin PBXProject section */
		87E1E6C0272F3412009211D7 /* Project object */ = {
			isa = PBXProject;
			attributes = {
				BuildIndependentTargetsInParallel = 1;
				LastSwiftUpdateCheck = 1310;
				LastUpgradeCheck = 1310;
				TargetAttributes = {
					87E1E6C7272F3412009211D7 = {
						CreatedOnToolsVersion = 13.1;
					};
					87E1E6D7272F3413009211D7 = {
						CreatedOnToolsVersion = 13.1;
						TestTargetID = 87E1E6C7272F3412009211D7;
					};
					87E1E6E1272F3413009211D7 = {
						CreatedOnToolsVersion = 13.1;
						TestTargetID = 87E1E6C7272F3412009211D7;
					};
				};
			};
			buildConfigurationList = 87E1E6C3272F3412009211D7 /* Build configuration list for PBXProject "escuela" */;
			compatibilityVersion = "Xcode 13.0";
			developmentRegion = en;
			hasScannedForEncodings = 0;
			knownRegions = (
				en,
				Base,
			);
			mainGroup = 87E1E6BF272F3412009211D7;
			productRefGroup = 87E1E6C9272F3412009211D7 /* Products */;
			projectDirPath = "";
			projectRoot = "";
			targets = (
				87E1E6C7272F3412009211D7 /* escuela */,
				87E1E6D7272F3413009211D7 /* escuelaTests */,
				87E1E6E1272F3413009211D7 /* escuelaUITests */,
			);
		};
/* End PBXProject section */

/* Begin PBXResourcesBuildPhase section */
		87E1E6C6272F3412009211D7 /* Resources */ = {
			isa = PBXResourcesBuildPhase;
			buildActionMask = 2147483647;
			files = (
				87A56E3227977FDB0045F9FD /* LaunchScreen.storyboard in Resources */,
				87E1E6D3272F3413009211D7 /* Preview Assets.xcassets in Resources */,
				87E1E6D0272F3413009211D7 /* Assets.xcassets in Resources */,
			);
			runOnlyForDeploymentPostprocessing = 0;
		};
		87E1E6D6272F3413009211D7 /* Resources */ = {
			isa = PBXResourcesBuildPhase;
			buildActionMask = 2147483647;
			files = (
			);
			runOnlyForDeploymentPostprocessing = 0;
		};
		87E1E6E0272F3413009211D7 /* Resources */ = {
			isa = PBXResourcesBuildPhase;
			buildActionMask = 2147483647;
			files = (
			);
			runOnlyForDeploymentPostprocessing = 0;
		};
/* End PBXResourcesBuildPhase section */

/* Begin PBXSourcesBuildPhase section */
		87E1E6C4272F3412009211D7 /* Sources */ = {
			isa = PBXSourcesBuildPhase;
			buildActionMask = 2147483647;
			files = (
				8749686627B1F367005F5D6F /* TimerView.swift in Sources */,
				8749686827B1F3FE005F5D6F /* TimeStore.swift in Sources */,
				876E001427B1DF4A00C6784C /* HomeView.swift in Sources */,
				870FFA342797379D0088937D /* AboutView.swift in Sources */,
				871BA924279B04E100FE83C8 /* DataStore.swift in Sources */,
				876493F427838D68004F26D3 /* NotesView.swift in Sources */,
				87554C762791F4850042C29B /* ContentView.swift in Sources */,
				87554C722791EA870042C29B /* ToDoView.swift in Sources */,
				87E1E6CC272F3412009211D7 /* escuelaApp.swift in Sources */,
				87F829882796380700779A72 /* DueStore.swift in Sources */,
				87F82986279637F600779A72 /* DueView.swift in Sources */,
			);
			runOnlyForDeploymentPostprocessing = 0;
		};
		87E1E6D4272F3413009211D7 /* Sources */ = {
			isa = PBXSourcesBuildPhase;
			buildActionMask = 2147483647;
			files = (
				87E1E6DD272F3413009211D7 /* escuelaTests.swift in Sources */,
			);
			runOnlyForDeploymentPostprocessing = 0;
		};
		87E1E6DE272F3413009211D7 /* Sources */ = {
			isa = PBXSourcesBuildPhase;
			buildActionMask = 2147483647;
			files = (
				87E1E6E7272F3413009211D7 /* escuelaUITests.swift in Sources */,
				87E1E6E9272F3413009211D7 /* escuelaUITestsLaunchTests.swift in Sources */,
			);
			runOnlyForDeploymentPostprocessing = 0;
		};
/* End PBXSourcesBuildPhase section */

/* Begin PBXTargetDependency section */
		87E1E6DA272F3413009211D7 /* PBXTargetDependency */ = {
			isa = PBXTargetDependency;
			target = 87E1E6C7272F3412009211D7 /* escuela */;
			targetProxy = 87E1E6D9272F3413009211D7 /* PBXContainerItemProxy */;
		};
		87E1E6E4272F3413009211D7 /* PBXTargetDependency */ = {
			isa = PBXTargetDependency;
			target = 87E1E6C7272F3412009211D7 /* escuela */;
			targetProxy = 87E1E6E3272F3413009211D7 /* PBXContainerItemProxy */;
		};
/* End PBXTargetDependency section */

/* Begin XCBuildConfiguration section */
		87E1E6EA272F3413009211D7 /* Debug */ = {
			isa = XCBuildConfiguration;
			buildSettings = {
				ALWAYS_SEARCH_USER_PATHS = NO;
				CLANG_ANALYZER_NONNULL = YES;
				CLANG_ANALYZER_NUMBER_OBJECT_CONVERSION = YES_AGGRESSIVE;
				CLANG_CXX_LANGUAGE_STANDARD = "gnu++17";
				CLANG_CXX_LIBRARY = "libc++";
				CLANG_ENABLE_MODULES = YES;
				CLANG_ENABLE_OBJC_ARC = YES;
				CLANG_ENABLE_OBJC_WEAK = YES;
				CLANG_WARN_BLOCK_CAPTURE_AUTORELEASING = YES;
				CLANG_WARN_BOOL_CONVERSION = YES;
				CLANG_WARN_COMMA = YES;
				CLANG_WARN_CONSTANT_CONVERSION = YES;
				CLANG_WARN_DEPRECATED_OBJC_IMPLEMENTATIONS = YES;
				CLANG_WARN_DIRECT_OBJC_ISA_USAGE = YES_ERROR;
				CLANG_WARN_DOCUMENTATION_COMMENTS = YES;
				CLANG_WARN_EMPTY_BODY = YES;
				CLANG_WARN_ENUM_CONVERSION = YES;
				CLANG_WARN_INFINITE_RECURSION = YES;
				CLANG_WARN_INT_CONVERSION = YES;
				CLANG_WARN_NON_LITERAL_NULL_CONVERSION = YES;
				CLANG_WARN_OBJC_IMPLICIT_RETAIN_SELF = YES;
				CLANG_WARN_OBJC_LITERAL_CONVERSION = YES;
				CLANG_WARN_OBJC_ROOT_CLASS = YES_ERROR;
				CLANG_WARN_QUOTED_INCLUDE_IN_FRAMEWORK_HEADER = YES;
				CLANG_WARN_RANGE_LOOP_ANALYSIS = YES;
				CLANG_WARN_STRICT_PROTOTYPES = YES;
				CLANG_WARN_SUSPICIOUS_MOVE = YES;
				CLANG_WARN_UNGUARDED_AVAILABILITY = YES_AGGRESSIVE;
				CLANG_WARN_UNREACHABLE_CODE = YES;
				CLANG_WARN__DUPLICATE_METHOD_MATCH = YES;
				COPY_PHASE_STRIP = NO;
				DEBUG_INFORMATION_FORMAT = dwarf;
				ENABLE_STRICT_OBJC_MSGSEND = YES;
				ENABLE_TESTABILITY = YES;
				GCC_C_LANGUAGE_STANDARD = gnu11;
				GCC_DYNAMIC_NO_PIC = NO;
				GCC_NO_COMMON_BLOCKS = YES;
				GCC_OPTIMIZATION_LEVEL = 0;
				GCC_PREPROCESSOR_DEFINITIONS = (
					"DEBUG=1",
					"$(inherited)",
				);
				GCC_WARN_64_TO_32_BIT_CONVERSION = YES;
				GCC_WARN_ABOUT_RETURN_TYPE = YES_ERROR;
				GCC_WARN_UNDECLARED_SELECTOR = YES;
				GCC_WARN_UNINITIALIZED_AUTOS = YES_AGGRESSIVE;
				GCC_WARN_UNUSED_FUNCTION = YES;
				GCC_WARN_UNUSED_VARIABLE = YES;
				IPHONEOS_DEPLOYMENT_TARGET = 15.0;
				MTL_ENABLE_DEBUG_INFO = INCLUDE_SOURCE;
				MTL_FAST_MATH = YES;
				ONLY_ACTIVE_ARCH = YES;
				SDKROOT = iphoneos;
				SWIFT_ACTIVE_COMPILATION_CONDITIONS = DEBUG;
				SWIFT_OPTIMIZATION_LEVEL = "-Onone";
			};
			name = Debug;
		};
		87E1E6EB272F3413009211D7 /* Release */ = {
			isa = XCBuildConfiguration;
			buildSettings = {
				ALWAYS_SEARCH_USER_PATHS = NO;
				CLANG_ANALYZER_NONNULL = YES;
				CLANG_ANALYZER_NUMBER_OBJECT_CONVERSION = YES_AGGRESSIVE;
				CLANG_CXX_LANGUAGE_STANDARD = "gnu++17";
				CLANG_CXX_LIBRARY = "libc++";
				CLANG_ENABLE_MODULES = YES;
				CLANG_ENABLE_OBJC_ARC = YES;
				CLANG_ENABLE_OBJC_WEAK = YES;
				CLANG_WARN_BLOCK_CAPTURE_AUTORELEASING = YES;
				CLANG_WARN_BOOL_CONVERSION = YES;
				CLANG_WARN_COMMA = YES;
				CLANG_WARN_CONSTANT_CONVERSION = YES;
				CLANG_WARN_DEPRECATED_OBJC_IMPLEMENTATIONS = YES;
				CLANG_WARN_DIRECT_OBJC_ISA_USAGE = YES_ERROR;
				CLANG_WARN_DOCUMENTATION_COMMENTS = YES;
				CLANG_WARN_EMPTY_BODY = YES;
				CLANG_WARN_ENUM_CONVERSION = YES;
				CLANG_WARN_INFINITE_RECURSION = YES;
				CLANG_WARN_INT_CONVERSION = YES;
				CLANG_WARN_NON_LITERAL_NULL_CONVERSION = YES;
				CLANG_WARN_OBJC_IMPLICIT_RETAIN_SELF = YES;
				CLANG_WARN_OBJC_LITERAL_CONVERSION = YES;
				CLANG_WARN_OBJC_ROOT_CLASS = YES_ERROR;
				CLANG_WARN_QUOTED_INCLUDE_IN_FRAMEWORK_HEADER = YES;
				CLANG_WARN_RANGE_LOOP_ANALYSIS = YES;
				CLANG_WARN_STRICT_PROTOTYPES = YES;
				CLANG_WARN_SUSPICIOUS_MOVE = YES;
				CLANG_WARN_UNGUARDED_AVAILABILITY = YES_AGGRESSIVE;
				CLANG_WARN_UNREACHABLE_CODE = YES;
				CLANG_WARN__DUPLICATE_METHOD_MATCH = YES;
				COPY_PHASE_STRIP = NO;
				DEBUG_INFORMATION_FORMAT = "dwarf-with-dsym";
				ENABLE_NS_ASSERTIONS = NO;
				ENABLE_STRICT_OBJC_MSGSEND = YES;
				GCC_C_LANGUAGE_STANDARD = gnu11;
				GCC_NO_COMMON_BLOCKS = YES;
				GCC_WARN_64_TO_32_BIT_CONVERSION = YES;
				GCC_WARN_ABOUT_RETURN_TYPE = YES_ERROR;
				GCC_WARN_UNDECLARED_SELECTOR = YES;
				GCC_WARN_UNINITIALIZED_AUTOS = YES_AGGRESSIVE;
				GCC_WARN_UNUSED_FUNCTION = YES;
				GCC_WARN_UNUSED_VARIABLE = YES;
				IPHONEOS_DEPLOYMENT_TARGET = 15.0;
				MTL_ENABLE_DEBUG_INFO = NO;
				MTL_FAST_MATH = YES;
				SDKROOT = iphoneos;
				SWIFT_COMPILATION_MODE = wholemodule;
				SWIFT_OPTIMIZATION_LEVEL = "-O";
				VALIDATE_PRODUCT = YES;
			};
			name = Release;
		};
		87E1E6ED272F3413009211D7 /* Debug */ = {
			isa = XCBuildConfiguration;
			buildSettings = {
				ASSETCATALOG_COMPILER_APPICON_NAME = AppIcon;
				ASSETCATALOG_COMPILER_GLOBAL_ACCENT_COLOR_NAME = AccentColor;
				CODE_SIGN_STYLE = Automatic;
				CURRENT_PROJECT_VERSION = 1;
				DEVELOPMENT_ASSET_PATHS = "\"escuela/Preview Content\"";
				DEVELOPMENT_TEAM = C78NN99SXC;
				ENABLE_PREVIEWS = YES;
				GENERATE_INFOPLIST_FILE = YES;
				INFOPLIST_KEY_UIApplicationSceneManifest_Generation = YES;
				INFOPLIST_KEY_UIApplicationSupportsIndirectInputEvents = YES;
				INFOPLIST_KEY_UILaunchScreen_Generation = YES;
				INFOPLIST_KEY_UILaunchStoryboardName = LaunchScreen;
				INFOPLIST_KEY_UIStatusBarHidden = YES;
				INFOPLIST_KEY_UISupportedInterfaceOrientations = UIInterfaceOrientationPortrait;
				INFOPLIST_KEY_UISupportedInterfaceOrientations_iPad = "UIInterfaceOrientationPortrait UIInterfaceOrientationPortraitUpsideDown UIInterfaceOrientationLandscapeLeft UIInterfaceOrientationLandscapeRight";
				INFOPLIST_KEY_UISupportedInterfaceOrientations_iPhone = "UIInterfaceOrientationPortrait UIInterfaceOrientationLandscapeLeft UIInterfaceOrientationLandscapeRight";
				LD_RUNPATH_SEARCH_PATHS = (
					"$(inherited)",
					"@executable_path/Frameworks",
				);
				MARKETING_VERSION = 1.0;
				PRODUCT_BUNDLE_IDENTIFIER = app.netlify.itbarsoum.escuela;
				PRODUCT_NAME = "$(TARGET_NAME)";
				SWIFT_EMIT_LOC_STRINGS = YES;
				SWIFT_VERSION = 5.0;
				TARGETED_DEVICE_FAMILY = 1;
			};
			name = Debug;
		};
		87E1E6EE272F3413009211D7 /* Release */ = {
			isa = XCBuildConfiguration;
			buildSettings = {
				ASSETCATALOG_COMPILER_APPICON_NAME = AppIcon;
				ASSETCATALOG_COMPILER_GLOBAL_ACCENT_COLOR_NAME = AccentColor;
				CODE_SIGN_STYLE = Automatic;
				CURRENT_PROJECT_VERSION = 1;
				DEVELOPMENT_ASSET_PATHS = "\"escuela/Preview Content\"";
				DEVELOPMENT_TEAM = C78NN99SXC;
				ENABLE_PREVIEWS = YES;
				GENERATE_INFOPLIST_FILE = YES;
				INFOPLIST_KEY_UIApplicationSceneManifest_Generation = YES;
				INFOPLIST_KEY_UIApplicationSupportsIndirectInputEvents = YES;
				INFOPLIST_KEY_UILaunchScreen_Generation = YES;
				INFOPLIST_KEY_UILaunchStoryboardName = LaunchScreen;
				INFOPLIST_KEY_UIStatusBarHidden = YES;
				INFOPLIST_KEY_UISupportedInterfaceOrientations = UIInterfaceOrientationPortrait;
				INFOPLIST_KEY_UISupportedInterfaceOrientations_iPad = "UIInterfaceOrientationPortrait UIInterfaceOrientationPortraitUpsideDown UIInterfaceOrientationLandscapeLeft UIInterfaceOrientationLandscapeRight";
				INFOPLIST_KEY_UISupportedInterfaceOrientations_iPhone = "UIInterfaceOrientationPortrait UIInterfaceOrientationLandscapeLeft UIInterfaceOrientationLandscapeRight";
				LD_RUNPATH_SEARCH_PATHS = (
					"$(inherited)",
					"@executable_path/Frameworks",
				);
				MARKETING_VERSION = 1.0;
				PRODUCT_BUNDLE_IDENTIFIER = app.netlify.itbarsoum.escuela;
				PRODUCT_NAME = "$(TARGET_NAME)";
				SWIFT_EMIT_LOC_STRINGS = YES;
				SWIFT_VERSION = 5.0;
				TARGETED_DEVICE_FAMILY = 1;
			};
			name = Release;
		};
		87E1E6F0272F3413009211D7 /* Debug */ = {
			isa = XCBuildConfiguration;
			buildSettings = {
				ALWAYS_EMBED_SWIFT_STANDARD_LIBRARIES = YES;
				BUNDLE_LOADER = "$(TEST_HOST)";
				CODE_SIGN_STYLE = Automatic;
				CURRENT_PROJECT_VERSION = 1;
				GENERATE_INFOPLIST_FILE = YES;
				IPHONEOS_DEPLOYMENT_TARGET = 15.0;
				LD_RUNPATH_SEARCH_PATHS = (
					"$(inherited)",
					"@executable_path/Frameworks",
					"@loader_path/Frameworks",
				);
				MARKETING_VERSION = 1.0;
				PRODUCT_BUNDLE_IDENTIFIER = myapps.escuelaTests;
				PRODUCT_NAME = "$(TARGET_NAME)";
				SWIFT_EMIT_LOC_STRINGS = NO;
				SWIFT_VERSION = 5.0;
				TARGETED_DEVICE_FAMILY = "1,2";
				TEST_HOST = "$(BUILT_PRODUCTS_DIR)/escuela.app/escuela";
			};
			name = Debug;
		};
		87E1E6F1272F3413009211D7 /* Release */ = {
			isa = XCBuildConfiguration;
			buildSettings = {
				ALWAYS_EMBED_SWIFT_STANDARD_LIBRARIES = YES;
				BUNDLE_LOADER = "$(TEST_HOST)";
				CODE_SIGN_STYLE = Automatic;
				CURRENT_PROJECT_VERSION = 1;
				GENERATE_INFOPLIST_FILE = YES;
				IPHONEOS_DEPLOYMENT_TARGET = 15.0;
				LD_RUNPATH_SEARCH_PATHS = (
					"$(inherited)",
					"@executable_path/Frameworks",
					"@loader_path/Frameworks",
				);
				MARKETING_VERSION = 1.0;
				PRODUCT_BUNDLE_IDENTIFIER = myapps.escuelaTests;
				PRODUCT_NAME = "$(TARGET_NAME)";
				SWIFT_EMIT_LOC_STRINGS = NO;
				SWIFT_VERSION = 5.0;
				TARGETED_DEVICE_FAMILY = "1,2";
				TEST_HOST = "$(BUILT_PRODUCTS_DIR)/escuela.app/escuela";
			};
			name = Release;
		};
		87E1E6F3272F3413009211D7 /* Debug */ = {
			isa = XCBuildConfiguration;
			buildSettings = {
				ALWAYS_EMBED_SWIFT_STANDARD_LIBRARIES = YES;
				CODE_SIGN_STYLE = Automatic;
				CURRENT_PROJECT_VERSION = 1;
				GENERATE_INFOPLIST_FILE = YES;
				LD_RUNPATH_SEARCH_PATHS = (
					"$(inherited)",
					"@executable_path/Frameworks",
					"@loader_path/Frameworks",
				);
				MARKETING_VERSION = 1.0;
				PRODUCT_BUNDLE_IDENTIFIER = myapps.escuelaUITests;
				PRODUCT_NAME = "$(TARGET_NAME)";
				SWIFT_EMIT_LOC_STRINGS = NO;
				SWIFT_VERSION = 5.0;
				TARGETED_DEVICE_FAMILY = "1,2";
				TEST_TARGET_NAME = escuela;
			};
			name = Debug;
		};
		87E1E6F4272F3413009211D7 /* Release */ = {
			isa = XCBuildConfiguration;
			buildSettings = {
				ALWAYS_EMBED_SWIFT_STANDARD_LIBRARIES = YES;
				CODE_SIGN_STYLE = Automatic;
				CURRENT_PROJECT_VERSION = 1;
				GENERATE_INFOPLIST_FILE = YES;
				LD_RUNPATH_SEARCH_PATHS = (
					"$(inherited)",
					"@executable_path/Frameworks",
					"@loader_path/Frameworks",
				);
				MARKETING_VERSION = 1.0;
				PRODUCT_BUNDLE_IDENTIFIER = myapps.escuelaUITests;
				PRODUCT_NAME = "$(TARGET_NAME)";
				SWIFT_EMIT_LOC_STRINGS = NO;
				SWIFT_VERSION = 5.0;
				TARGETED_DEVICE_FAMILY = "1,2";
				TEST_TARGET_NAME = escuela;
			};
			name = Release;
		};
/* End XCBuildConfiguration section */

/* Begin XCConfigurationList section */
		87E1E6C3272F3412009211D7 /* Build configuration list for PBXProject "escuela" */ = {
			isa = XCConfigurationList;
			buildConfigurations = (
				87E1E6EA272F3413009211D7 /* Debug */,
				87E1E6EB272F3413009211D7 /* Release */,
			);
			defaultConfigurationIsVisible = 0;
			defaultConfigurationName = Release;
		};
		87E1E6EC272F3413009211D7 /* Build configuration list for PBXNativeTarget "escuela" */ = {
			isa = XCConfigurationList;
			buildConfigurations = (
				87E1E6ED272F3413009211D7 /* Debug */,
				87E1E6EE272F3413009211D7 /* Release */,
			);
			defaultConfigurationIsVisible = 0;
			defaultConfigurationName = Release;
		};
		87E1E6EF272F3413009211D7 /* Build configuration list for PBXNativeTarget "escuelaTests" */ = {
			isa = XCConfigurationList;
			buildConfigurations = (
				87E1E6F0272F3413009211D7 /* Debug */,
				87E1E6F1272F3413009211D7 /* Release */,
			);
			defaultConfigurationIsVisible = 0;
			defaultConfigurationName = Release;
		};
		87E1E6F2272F3413009211D7 /* Build configuration list for PBXNativeTarget "escuelaUITests" */ = {
			isa = XCConfigurationList;
			buildConfigurations = (
				87E1E6F3272F3413009211D7 /* Debug */,
				87E1E6F4272F3413009211D7 /* Release */,
			);
			defaultConfigurationIsVisible = 0;
			defaultConfigurationName = Release;
		};
/* End XCConfigurationList section */
	};
	rootObject = 87E1E6C0272F3412009211D7 /* Project object */;
}
